
Microsoft Visual Studio Solution File, Format Version 12.00
# Visual Studio Version 17
VisualStudioVersion = 17.7.34031.279
MinimumVisualStudioVersion = 10.0.40219.1
Project("{FAE04EC0-301F-11D3-BF4B-00C04F79EFBC}") = "Routing Example", "Routing Example\Routing Example.csproj", "{1E3D1C61-1D29-4954-A76A-B37AEB98535F}"
EndProject
Global
	GlobalSection(SolutionConfigurationPlatforms) = preSolution
		Debug|Any CPU = Debug|Any CPU
		Release|Any CPU = Release|Any CPU
	EndGlobalSection
	GlobalSection(ProjectConfigurationPlatforms) = postSolution
		{1E3D1C61-1D29-4954-A76A-B37AEB98535F}.Debug|Any CPU.ActiveCfg = Debug|Any CPU
		{1E3D1C61-1D29-4954-A76A-B37AEB98535F}.Debug|Any CPU.Build.0 = Debug|Any CPU
		{1E3D1C61-1D29-4954-A76A-B37AEB98535F}.Release|Any CPU.ActiveCfg = Release|Any CPU
		{1E3D1C61-1D29-4954-A76A-B37AEB98535F}.Release|Any CPU.Build.0 = Release|Any CPU
	EndGlobalSection
	GlobalSection(SolutionProperties) = preSolution
		HideSolutionNode = FALSE
	EndGlobalSection
	GlobalSection(ExtensibilityGlobals) = postSolution
		SolutionGuid = {57BCC991-E88F-4321-8073-F77DAB058903}
	EndGlobalSection
EndGlobal
